
Microsoft Visual Studio Solution File, Format Version 12.00
# Visual Studio Version 16
VisualStudioVersion = 16.0.32126.315
MinimumVisualStudioVersion = 10.0.40219.1
Project("{FAE04EC0-301F-11D3-BF4B-00C04F79EFBC}") = "OrderManager", "OrderManager\OrderManager.csproj", "{E5140842-4BC0-493D-978D-E19BF99701FD}"
EndProject
Project("{FAE04EC0-301F-11D3-BF4B-00C04F79EFBC}") = "Common", "Common\Common.csproj", "{E6755700-4AB2-4AF2-9F93-C82D945079B3}"
EndProject
Project("{FAE04EC0-301F-11D3-BF4B-00C04F79EFBC}") = "Infra", "Infra\Infra.csproj", "{50C59388-F446-45F4-9B38-27B0BDE14E40}"
EndProject
Project("{FAE04EC0-301F-11D3-BF4B-00C04F79EFBC}") = "Data", "Data\Data.csproj", "{A14EF245-A624-4A85-A50C-203BE8391E8F}"
EndProject
Project("{FAE04EC0-301F-11D3-BF4B-00C04F79EFBC}") = "Services", "Services\Services.csproj", "{466ADB67-B42F-42A3-8F4E-999DA7A4A530}"
EndProject
Global
	GlobalSection(SolutionConfigurationPlatforms) = preSolution
		Debug|Any CPU = Debug|Any CPU
		Release|Any CPU = Release|Any CPU
	EndGlobalSection
	GlobalSection(ProjectConfigurationPlatforms) = postSolution
		{E5140842-4BC0-493D-978D-E19BF99701FD}.Debug|Any CPU.ActiveCfg = Debug|Any CPU
		{E5140842-4BC0-493D-978D-E19BF99701FD}.Debug|Any CPU.Build.0 = Debug|Any CPU
		{E5140842-4BC0-493D-978D-E19BF99701FD}.Release|Any CPU.ActiveCfg = Release|Any CPU
		{E5140842-4BC0-493D-978D-E19BF99701FD}.Release|Any CPU.Build.0 = Release|Any CPU
		{E6755700-4AB2-4AF2-9F93-C82D945079B3}.Debug|Any CPU.ActiveCfg = Debug|Any CPU
		{E6755700-4AB2-4AF2-9F93-C82D945079B3}.Debug|Any CPU.Build.0 = Debug|Any CPU
		{E6755700-4AB2-4AF2-9F93-C82D945079B3}.Release|Any CPU.ActiveCfg = Release|Any CPU
		{E6755700-4AB2-4AF2-9F93-C82D945079B3}.Release|Any CPU.Build.0 = Release|Any CPU
		{50C59388-F446-45F4-9B38-27B0BDE14E40}.Debug|Any CPU.ActiveCfg = Debug|Any CPU
		{50C59388-F446-45F4-9B38-27B0BDE14E40}.Debug|Any CPU.Build.0 = Debug|Any CPU
		{50C59388-F446-45F4-9B38-27B0BDE14E40}.Release|Any CPU.ActiveCfg = Release|Any CPU
		{50C59388-F446-45F4-9B38-27B0BDE14E40}.Release|Any CPU.Build.0 = Release|Any CPU
		{A14EF245-A624-4A85-A50C-203BE8391E8F}.Debug|Any CPU.ActiveCfg = Debug|Any CPU
		{A14EF245-A624-4A85-A50C-203BE8391E8F}.Debug|Any CPU.Build.0 = Debug|Any CPU
		{A14EF245-A624-4A85-A50C-203BE8391E8F}.Release|Any CPU.ActiveCfg = Release|Any CPU
		{A14EF245-A624-4A85-A50C-203BE8391E8F}.Release|Any CPU.Build.0 = Release|Any CPU
		{466ADB67-B42F-42A3-8F4E-999DA7A4A530}.Debug|Any CPU.ActiveCfg = Debug|Any CPU
		{466ADB67-B42F-42A3-8F4E-999DA7A4A530}.Debug|Any CPU.Build.0 = Debug|Any CPU
		{466ADB67-B42F-42A3-8F4E-999DA7A4A530}.Release|Any CPU.ActiveCfg = Release|Any CPU
		{466ADB67-B42F-42A3-8F4E-999DA7A4A530}.Release|Any CPU.Build.0 = Release|Any CPU
	EndGlobalSection
	GlobalSection(SolutionProperties) = preSolution
		HideSolutionNode = FALSE
	EndGlobalSection
	GlobalSection(ExtensibilityGlobals) = postSolution
		SolutionGuid = {89EB6663-607D-4CC3-85F9-A0D5B7FF0979}
	EndGlobalSection
EndGlobal
